
Microsoft Visual Studio Solution File, Format Version 12.00
# Visual Studio Version 16
VisualStudioVersion = 16.0.33927.289
MinimumVisualStudioVersion = 10.0.40219.1
Project("{FAE04EC0-301F-11D3-BF4B-00C04F79EFBC}") = "HomeWork15", "HomeWork15\HomeWork15.csproj", "{78218925-8350-4A48-9D8D-63E26215F93B}"
EndProject
Global
	GlobalSection(SolutionConfigurationPlatforms) = preSolution
		Debug|Any CPU = Debug|Any CPU
		Release|Any CPU = Release|Any CPU
	EndGlobalSection
	GlobalSection(ProjectConfigurationPlatforms) = postSolution
		{78218925-8350-4A48-9D8D-63E26215F93B}.Debug|Any CPU.ActiveCfg = Debug|Any CPU
		{78218925-8350-4A48-9D8D-63E26215F93B}.Debug|Any CPU.Build.0 = Debug|Any CPU
		{78218925-8350-4A48-9D8D-63E26215F93B}.Release|Any CPU.ActiveCfg = Release|Any CPU
		{78218925-8350-4A48-9D8D-63E26215F93B}.Release|Any CPU.Build.0 = Release|Any CPU
	EndGlobalSection
	GlobalSection(SolutionProperties) = preSolution
		HideSolutionNode = FALSE
	EndGlobalSection
	GlobalSection(ExtensibilityGlobals) = postSolution
		SolutionGuid = {82C05D9D-2FBE-47A6-8ABF-24ED134BF98A}
	EndGlobalSection
EndGlobal
